# DO NOT EDIT THIS FILE!
# This file is automatically @generated by githubkit.

[[descriptions]]
version = "2022-11-28"
identifier = "2022-11-28"
module = "v2022_11_28"
is_latest = true
source = "https://raw.githubusercontent.com/github/rest-api-description/d8c9917f2b069832fd8ca6a189f1ed38c7b16d49/descriptions-next/api.github.com/api.github.com.2022-11-28.json"

[[descriptions]]
version = "2022-11-28"
identifier = "ghec-2022-11-28"
module = "ghec_v2022_11_28"
is_latest = false
source = "https://raw.githubusercontent.com/github/rest-api-description/d8c9917f2b069832fd8ca6a189f1ed38c7b16d49/descriptions-next/ghec/ghec.2022-11-28.json"

[[overrides]]
[overrides.field_overrides]
"+1" = "plus_one"
-1 = "minus_one"

[[overrides]]
[overrides.schema_overrides]
"/components/schemas/labeled-issue-event/properties/event" = {const = "labeled"}
"/components/schemas/unlabeled-issue-event/properties/event" = {const = "unlabeled"}
"/components/schemas/milestoned-issue-event/properties/event" = {const = "milestoned"}
"/components/schemas/demilestoned-issue-event/properties/event" = {const = "demilestoned"}
"/components/schemas/renamed-issue-event/properties/event" = {const = "renamed"}
"/components/schemas/review-requested-issue-event/properties/event" = {const = "review_requested"}
"/components/schemas/review-request-removed-issue-event/properties/event" = {const = "review_request_removed"}
"/components/schemas/review-dismissed-issue-event/properties/event" = {const = "review_dismissed"}
"/components/schemas/locked-issue-event/properties/event" = {const = "locked"}
"/components/schemas/added-to-project-issue-event/properties/event" = {const = "added_to_project"}
"/components/schemas/moved-column-in-project-issue-event/properties/event" = {const = "moved_columns_in_project"}
"/components/schemas/removed-from-project-issue-event/properties/event" = {const = "removed_from_project"}
"/components/schemas/converted-note-to-issue-issue-event/properties/event" = {const = "converted_note_to_issue"}
"/components/schemas/timeline-comment-event/properties/event" = {const = "commented"}
"/components/schemas/timeline-cross-referenced-event/properties/event" = {const = "cross-referenced"}
"/components/schemas/timeline-committed-event/properties/event" = {const = "committed"}
"/components/schemas/timeline-reviewed-event/properties/event" = {const = "reviewed"}
"/components/schemas/timeline-line-commented-event/properties/event" = {const = "line_commented"}
"/components/schemas/timeline-commit-commented-event/properties/event" = {const = "commit_commented"}
"/components/schemas/timeline-assigned-issue-event/properties/event" = {const = "assigned"}
"/components/schemas/timeline-unassigned-issue-event/properties/event" = {const = "unassigned"}
"/components/schemas/issue/properties/body_text" = {type = ["string", "null"]}
"/components/schemas/issue/properties/body_html" = {type = ["string", "null"]}
"/components/schemas/timeline-reviewed-event/properties/body_text" = {type = ["string", "null"]}
"/components/schemas/timeline-reviewed-event/properties/body_html" = {type = ["string", "null"]}
"/components/schemas/release/properties/body_text" = {type = ["string", "null"]}
"/components/schemas/release/properties/body_html" = {type = ["string", "null"]}
"/components/schemas/issue/properties/state_reason/enum" = {"<add>" = ["duplicate"]}
"/components/schemas/pull-request-simple/properties/head/properties/label" = {type = ["string", "null"]}
"/components/schemas/pull-request-simple/properties/head/properties/repo" = {anyOf = [{type = "null"}, {"$ref" = "#/components/schemas/repository"}], "$ref" = "<unset>"}
"/components/schemas/pull-request/properties/head/properties/label" = {type = ["string", "null"]}
"/components/schemas/pull-request/properties/head/properties/user" = {anyOf = [{type = "null"}, {"$ref" = "#/components/schemas/simple-user"}], "$ref" = "<unset>"}
"/components/schemas/pull-request/properties/head/properties/repo" = {anyOf = [{type = "null"}, {"$ref" = "#/components/schemas/repository"}], "$ref" = "<unset>"}
"/components/schemas/pull-request-simple/properties/labels/items/properties/description" = {type = ["string", "null"]}
"/components/schemas/repository/properties/temp_clone_token" = {type = ["string", "null"]}
"/components/schemas/minimal-repository/properties/temp_clone_token" = {type = ["string", "null"]}
"/components/schemas/team-repository/properties/temp_clone_token" = {type = ["string", "null"]}
"/components/schemas/repo-search-result-item/properties/temp_clone_token" = {type = ["string", "null"]}
"/components/schemas/repository-webhooks/properties/temp_clone_token" = {type = ["string", "null"]}
"/components/schemas/repository-webhooks/properties/template_repository/properties/temp_clone_token" = {type = ["string", "null"]}
"/components/schemas/repository/properties/owner" = {anyOf = [{type = "null"}, {"$ref" = "#/components/schemas/simple-user"}], "$ref" = "<unset>"}
"/components/schemas/auto-merge/properties/commit_title" = {type = ["string", "null"]}
"/components/schemas/auto-merge/properties/commit_message" = {type = ["string", "null"]}
"/paths/~1repos~1{owner}~1{repo}~1releases/post/requestBody/content/application~1json/schema/properties/make_latest" = {default = "true"}
"/paths/~1repos~1{owner}~1{repo}~1releases~1{release_id}/patch/requestBody/content/application~1json/schema/properties/make_latest" = {default = "true"}
"/components/schemas/organization-full/properties/company" = {type = ["string", "null"]}
"/components/schemas/organization-full/properties/email" = {type = ["string", "null"]}
"/components/schemas/organization-full/properties/location" = {type = ["string", "null"]}
"/components/schemas/organization-full/properties/name" = {type = ["string", "null"]}
"/components/schemas/organization-full/properties/blog" = {type = ["string", "null"]}
"/components/schemas/team-organization/properties/company" = {type = ["string", "null"]}
"/components/schemas/team-organization/properties/email" = {type = ["string", "null"]}
"/components/schemas/team-organization/properties/location" = {type = ["string", "null"]}
"/components/schemas/team-organization/properties/name" = {type = ["string", "null"]}
"/components/schemas/team-organization/properties/blog" = {type = ["string", "null"]}
"/components/schemas/git-user/properties/date" = {format = "date-time"}
"/components/schemas/verification/required" = {"<remove>" = ["verified_at"]}
"/components/schemas/diff-entry/properties/blob_url" = {type = ["string", "null"]}
"/components/schemas/diff-entry/properties/raw_url" = {type = ["string", "null"]}
"/components/schemas/diff-entry/properties/sha" = {type = ["string", "null"]}
"/components/schemas/app-permissions/properties/organization_copilot_seat_management/enum" = {"<add>" = ["read"]}
"/components/parameters/created/schema" = {format = "<unset>"}
"/components/schemas/simple-classroom-assignment/properties/editor" = {type = ["string", "null"]}
"/components/schemas/simple-classroom-assignment/properties/language" = {type = ["string", "null"]}
"/components/schemas/simple-classroom-assignment/required" = {"<remove>" = ["submitted"]}
"/paths/~1repos~1{owner}~1{repo}~1check-runs/post/requestBody/content/application~1json/schema" = {discriminator = "<unset>"}
"/paths/~1repos~1{owner}~1{repo}~1check-runs/post/requestBody/content/application~1json/schema/oneOf/1/properties/status/enum" = {"<add>" = ["waiting", "requested", "pending"]}
"/paths/~1repos~1{owner}~1{repo}~1contents~1{path}/get/responses/200/content/application~1json/schema" = {discriminator = "<unset>"}
"/paths/~1user/get/responses/200/content/application~1json/schema" = {discriminator = "<unset>"}
"/paths/~1user~1{account_id}/get/responses/200/content/application~1json/schema" = {discriminator = "<unset>"}
"/paths/~1users~1{username}/get/responses/200/content/application~1json/schema" = {discriminator = "<unset>"}
"/components/schemas/webhook-check-run-completed/required" = {"<add>" = ["action"]}
"/components/schemas/webhook-check-run-created/required" = {"<add>" = ["action"]}
"/components/schemas/webhook-check-run-rerequested/required" = {"<add>" = ["action"]}
"/components/schemas/webhooks_issue/properties/performed_via_github_app/properties/events/items" = {enum = "<unset>"}
"/components/schemas/webhooks_issue_2/properties/performed_via_github_app/properties/events/items" = {enum = "<unset>"}
"/components/schemas/webhook-check-suite-completed/properties/check_suite/properties/app/properties/events/items" = {enum = "<unset>"}
"/components/schemas/webhook-check-suite-requested/properties/check_suite/properties/app/properties/events/items" = {enum = "<unset>"}
"/components/schemas/webhook-check-suite-rerequested/properties/check_suite/properties/app/properties/events/items" = {enum = "<unset>"}
"/components/schemas/webhook-deployment-created/properties/deployment/properties/performed_via_github_app/properties/events/items" = {enum = "<unset>"}
"/components/schemas/webhook-deployment-status-created/properties/deployment/properties/performed_via_github_app/properties/events/items" = {enum = "<unset>"}
"/components/schemas/webhook-deployment-status-created/properties/deployment_status/properties/performed_via_github_app/properties/events/items" = {enum = "<unset>"}
"/components/schemas/webhook-issue-comment-created/properties/issue/allOf/0/properties/performed_via_github_app/properties/events/items" = {enum = "<unset>"}
"/components/schemas/webhook-issue-comment-deleted/properties/issue/allOf/0/properties/performed_via_github_app/properties/events/items" = {enum = "<unset>"}
"/components/schemas/webhook-issue-comment-edited/properties/issue/allOf/0/properties/performed_via_github_app/properties/events/items" = {enum = "<unset>"}
"/components/schemas/webhook-issues-closed/properties/issue/allOf/0/properties/performed_via_github_app/properties/events/items" = {enum = "<unset>"}
"/components/schemas/webhook-issues-deleted/properties/issue/properties/performed_via_github_app/properties/events/items" = {enum = "<unset>"}
"/components/schemas/webhook-issues-demilestoned/properties/issue/properties/performed_via_github_app/properties/events/items" = {enum = "<unset>"}
"/components/schemas/webhook-issues-edited/properties/issue/properties/performed_via_github_app/properties/events/items" = {enum = "<unset>"}
"/components/schemas/webhook-issues-labeled/properties/issue/properties/performed_via_github_app/properties/events/items" = {enum = "<unset>"}
"/components/schemas/webhook-issues-locked/properties/issue/properties/performed_via_github_app/properties/events/items" = {enum = "<unset>"}
"/components/schemas/webhook-issues-milestoned/properties/issue/properties/performed_via_github_app/properties/events/items" = {enum = "<unset>"}
"/components/schemas/webhook-issues-opened/properties/changes/properties/old_issue/properties/performed_via_github_app/properties/events/items" = {enum = "<unset>"}
"/components/schemas/webhook-issues-opened/properties/issue/properties/performed_via_github_app/properties/events/items" = {enum = "<unset>"}
"/components/schemas/webhook-issues-reopened/properties/issue/properties/performed_via_github_app/properties/events/items" = {enum = "<unset>"}
"/components/schemas/webhook-issues-transferred/properties/changes/properties/new_issue/properties/performed_via_github_app/properties/events/items" = {enum = "<unset>"}
"/components/schemas/webhook-issues-unlocked/properties/issue/properties/performed_via_github_app/properties/events/items" = {enum = "<unset>"}
"/components/schemas/webhook-meta-deleted/properties/hook/properties/events/items" = {enum = "<unset>"}
"/components/schemas/webhook-deployment-status-created/properties/deployment/properties/payload" = {oneOf = [{type = "string"}, {type = "object", additionalProperties = true}]}
"/components/schemas/webhook-deployment-created/properties/deployment/properties/payload" = {oneOf = [{type = "string"}, {type = "object", additionalProperties = true}]}
"/components/schemas/webhook-deployment-protection-rule-requested" = {required = ["action"]}
"/components/schemas/webhook-secret-scanning-alert-location-created/required" = {"<add>" = ["action"]}
"/components/schemas/webhook-fork/properties/forkee/allOf/1/properties/topics/items" = {type = ["string", "null"]}
"/components/schemas/webhook-project-card-moved/properties/project_card/allOf/1/properties/after_id" = {type = ["integer", "null"]}
"/components/schemas/webhook-workflow-job-completed/properties/workflow_job/allOf/0/properties/run_id" = {type = "integer"}
"/components/schemas/webhook-workflow-job-in-progress/properties/workflow_job/allOf/0/properties/run_id" = {type = "integer"}
"/components/schemas/webhook-workflow-job-queued/properties/workflow_job/properties/run_id" = {type = "integer"}
"/components/schemas/webhook-workflow-job-waiting/properties/workflow_job/properties/run_id" = {type = "integer"}
"/components/schemas/webhook-workflow-job-completed/properties/workflow_job/allOf/1/properties/runner_id" = {type = ["integer", "null"]}
"/components/schemas/webhook-workflow-job-in-progress/properties/workflow_job/allOf/1/properties/runner_id" = {type = ["integer", "null"]}
"/components/schemas/webhook-workflow-job-completed/properties/workflow_job/allOf/1/properties/runner_group_id" = {type = ["integer", "null"]}
"/components/schemas/webhook-workflow-job-in-progress/properties/workflow_job/allOf/1/properties/runner_group_id" = {type = ["integer", "null"]}
"/components/schemas/webhook-workflow-run-completed/properties/workflow_run/properties/pull_requests/items/properties/id" = {type = "integer"}
"/components/schemas/webhook-workflow-run-completed/properties/workflow_run/properties/pull_requests/items/properties/number" = {type = "integer"}
"/components/schemas/webhook-workflow-run-in-progress/properties/workflow_run/properties/pull_requests/items/properties/id" = {type = "integer"}
"/components/schemas/webhook-workflow-run-in-progress/properties/workflow_run/properties/pull_requests/items/properties/number" = {type = "integer"}
"/components/schemas/webhook-workflow-run-requested/properties/workflow_run/properties/pull_requests/items/properties/id" = {type = "integer"}
"/components/schemas/webhook-workflow-run-requested/properties/workflow_run/properties/pull_requests/items/properties/number" = {type = "integer"}
"/webhooks/repository-dispatch-sample.collected/post" = {operationId = "repository-dispatch"}
"/components/schemas/webhooks_answer/properties/parent_id" = {type = ["integer", "null"]}
"/components/schemas/dependabot-alert-with-repository/properties/dependency/properties/relationship/enum" = {"<add>" = ["inconclusive"]}
"/components/schemas/code-scanning-alert-classification/enum" = {"<add>" = ["documentation"]}

[[overrides]]
target_descriptions = ["ghec-2022-11-28"]

[overrides.schema_overrides]
"/paths/~1enterprises~1{enterprise}~1apps~1organizations~1{org}~1installations~1{installation_id}/delete" = {operationId = "enterprise-apps/enterprise-delete-installation"}
